
Microsoft Visual Studio Solution File, Format Version 12.00
# Visual Studio 15
VisualStudioVersion = 15.0.27703.2035
MinimumVisualStudioVersion = 10.0.40219.1
Project("{FAE04EC0-301F-11D3-BF4B-00C04F79EFBC}") = "WebServiceApplication", "WebServiceApplication\WebServiceApplication.csproj", "{1480B19B-EEDD-4FE1-A411-78C2B7CCB04E}"
EndProject
Global
	GlobalSection(SolutionConfigurationPlatforms) = preSolution
		Debug|Any CPU = Debug|Any CPU
		Release|Any CPU = Release|Any CPU
	EndGlobalSection
	GlobalSection(ProjectConfigurationPlatforms) = postSolution
		{1480B19B-EEDD-4FE1-A411-78C2B7CCB04E}.Debug|Any CPU.ActiveCfg = Debug|Any CPU
		{1480B19B-EEDD-4FE1-A411-78C2B7CCB04E}.Debug|Any CPU.Build.0 = Debug|Any CPU
		{1480B19B-EEDD-4FE1-A411-78C2B7CCB04E}.Release|Any CPU.ActiveCfg = Release|Any CPU
		{1480B19B-EEDD-4FE1-A411-78C2B7CCB04E}.Release|Any CPU.Build.0 = Release|Any CPU
	EndGlobalSection
	GlobalSection(SolutionProperties) = preSolution
		HideSolutionNode = FALSE
	EndGlobalSection
	GlobalSection(ExtensibilityGlobals) = postSolution
		SolutionGuid = {931C241C-68EE-4E0A-BE89-339A23E752D6}
	EndGlobalSection
EndGlobal
